
Microsoft Visual Studio Solution File, Format Version 12.00
# Visual Studio Version 17
VisualStudioVersion = 17.4.33205.214
MinimumVisualStudioVersion = 10.0.40219.1
Project("{FAE04EC0-301F-11D3-BF4B-00C04F79EFBC}") = "Memento", "Memento\Memento.csproj", "{D76EC033-065F-4FDC-81C1-AF987B3443FB}"
EndProject
Global
	GlobalSection(SolutionConfigurationPlatforms) = preSolution
		Debug|Any CPU = Debug|Any CPU
		Release|Any CPU = Release|Any CPU
	EndGlobalSection
	GlobalSection(ProjectConfigurationPlatforms) = postSolution
		{D76EC033-065F-4FDC-81C1-AF987B3443FB}.Debug|Any CPU.ActiveCfg = Debug|Any CPU
		{D76EC033-065F-4FDC-81C1-AF987B3443FB}.Debug|Any CPU.Build.0 = Debug|Any CPU
		{D76EC033-065F-4FDC-81C1-AF987B3443FB}.Release|Any CPU.ActiveCfg = Release|Any CPU
		{D76EC033-065F-4FDC-81C1-AF987B3443FB}.Release|Any CPU.Build.0 = Release|Any CPU
	EndGlobalSection
	GlobalSection(SolutionProperties) = preSolution
		HideSolutionNode = FALSE
	EndGlobalSection
	GlobalSection(ExtensibilityGlobals) = postSolution
		SolutionGuid = {D1E574ED-63E2-43A4-A938-19A2495F3CC6}
	EndGlobalSection
EndGlobal
